// !$*UTF8*$!
{
	archiveVersion = 1;
	classes = {
	};
	objectVersion = 56;
	objects = {

/* Begin PBXBuildFile section */
		D80A522528E6F837001972A2 /* TweetViewController.swift in Sources */ = {isa = PBXBuildFile; fileRef = D80A522428E6F837001972A2 /* TweetViewController.swift */; };
		D80A522728E6F840001972A2 /* TweetPresenter.swift in Sources */ = {isa = PBXBuildFile; fileRef = D80A522628E6F840001972A2 /* TweetPresenter.swift */; };
		D80A522A28EDBEFF001972A2 /* WriteViewController.swift in Sources */ = {isa = PBXBuildFile; fileRef = D80A522928EDBEFF001972A2 /* WriteViewController.swift */; };
		D80A522D28EDBF14001972A2 /* WritePresenter.swift in Sources */ = {isa = PBXBuildFile; fileRef = D80A522C28EDBF14001972A2 /* WritePresenter.swift */; };
		D80E10B528FD2EEF002953CD /* Toast in Frameworks */ = {isa = PBXBuildFile; productRef = D80E10B428FD2EEF002953CD /* Toast */; };
		D81ED63728EEBF9D00DDDF3A /* ProfileViewController.swift in Sources */ = {isa = PBXBuildFile; fileRef = D81ED63628EEBF9D00DDDF3A /* ProfileViewController.swift */; };
		D81ED63A28EEBFBF00DDDF3A /* ProfilePresenter.swift in Sources */ = {isa = PBXBuildFile; fileRef = D81ED63928EEBFBF00DDDF3A /* ProfilePresenter.swift */; };
		D843197C28E165A1009629E6 /* AppDelegate.swift in Sources */ = {isa = PBXBuildFile; fileRef = D843197B28E165A1009629E6 /* AppDelegate.swift */; };
		D843197E28E165A1009629E6 /* SceneDelegate.swift in Sources */ = {isa = PBXBuildFile; fileRef = D843197D28E165A1009629E6 /* SceneDelegate.swift */; };
		D843198028E165A1009629E6 /* TabBarViewController.swift in Sources */ = {isa = PBXBuildFile; fileRef = D843197F28E165A1009629E6 /* TabBarViewController.swift */; };
		D843198528E165A3009629E6 /* Assets.xcassets in Resources */ = {isa = PBXBuildFile; fileRef = D843198428E165A3009629E6 /* Assets.xcassets */; };
		D843198828E165A3009629E6 /* LaunchScreen.storyboard in Resources */ = {isa = PBXBuildFile; fileRef = D843198628E165A3009629E6 /* LaunchScreen.storyboard */; };
		D843199328E165A3009629E6 /* TweetTests.swift in Sources */ = {isa = PBXBuildFile; fileRef = D843199228E165A3009629E6 /* TweetTests.swift */; };
		D843199D28E165A3009629E6 /* TweetUITests.swift in Sources */ = {isa = PBXBuildFile; fileRef = D843199C28E165A3009629E6 /* TweetUITests.swift */; };
		D843199F28E165A3009629E6 /* TweetUITestsLaunchTests.swift in Sources */ = {isa = PBXBuildFile; fileRef = D843199E28E165A3009629E6 /* TweetUITestsLaunchTests.swift */; };
		D84319AD28E1668F009629E6 /* SnapKit in Frameworks */ = {isa = PBXBuildFile; productRef = D84319AC28E1668F009629E6 /* SnapKit */; };
		D84319AF28E169F0009629E6 /* Tweet.swift in Sources */ = {isa = PBXBuildFile; fileRef = D84319AE28E169F0009629E6 /* Tweet.swift */; };
		D84319B328E16A91009629E6 /* User.swift in Sources */ = {isa = PBXBuildFile; fileRef = D84319B228E16A91009629E6 /* User.swift */; };
		D84319B528E16AC8009629E6 /* UserDefaultsManager.swift in Sources */ = {isa = PBXBuildFile; fileRef = D84319B428E16AC8009629E6 /* UserDefaultsManager.swift */; };
		D84319B828E16F94009629E6 /* FeedViewController.swift in Sources */ = {isa = PBXBuildFile; fileRef = D84319B728E16F94009629E6 /* FeedViewController.swift */; };
		D84319BA28E16FA2009629E6 /* FeedPresenter.swift in Sources */ = {isa = PBXBuildFile; fileRef = D84319B928E16FA2009629E6 /* FeedPresenter.swift */; };
		D84319BD28E188A9009629E6 /* TabBarItem.swift in Sources */ = {isa = PBXBuildFile; fileRef = D84319BC28E188A9009629E6 /* TabBarItem.swift */; };
		D84319BF28E18AF8009629E6 /* FeedTableViewCell.swift in Sources */ = {isa = PBXBuildFile; fileRef = D84319BE28E18AF8009629E6 /* FeedTableViewCell.swift */; };
		D84319C128E18F14009629E6 /* Icon.swift in Sources */ = {isa = PBXBuildFile; fileRef = D84319C028E18F14009629E6 /* Icon.swift */; };
		D84319C428E1AD61009629E6 /* Floaty in Frameworks */ = {isa = PBXBuildFile; productRef = D84319C328E1AD61009629E6 /* Floaty */; };
/* End PBXBuildFile section */

/* Begin PBXContainerItemProxy section */
		D843198F28E165A3009629E6 /* PBXContainerItemProxy */ = {
			isa = PBXContainerItemProxy;
			containerPortal = D843197028E165A1009629E6 /* Project object */;
			proxyType = 1;
			remoteGlobalIDString = D843197728E165A1009629E6;
			remoteInfo = Tweet;
		};
		D843199928E165A3009629E6 /* PBXContainerItemProxy */ = {
			isa = PBXContainerItemProxy;
			containerPortal = D843197028E165A1009629E6 /* Project object */;
			proxyType = 1;
			remoteGlobalIDString = D843197728E165A1009629E6;
			remoteInfo = Tweet;
		};
/* End PBXContainerItemProxy section */

/* Begin PBXFileReference section */
		D80A522428E6F837001972A2 /* TweetViewController.swift */ = {isa = PBXFileReference; lastKnownFileType = sourcecode.swift; path = TweetViewController.swift; sourceTree = "<group>"; };
		D80A522628E6F840001972A2 /* TweetPresenter.swift */ = {isa = PBXFileReference; lastKnownFileType = sourcecode.swift; path = TweetPresenter.swift; sourceTree = "<group>"; };
		D80A522928EDBEFF001972A2 /* WriteViewController.swift */ = {isa = PBXFileReference; lastKnownFileType = sourcecode.swift; path = WriteViewController.swift; sourceTree = "<group>"; };
		D80A522C28EDBF14001972A2 /* WritePresenter.swift */ = {isa = PBXFileReference; lastKnownFileType = sourcecode.swift; path = WritePresenter.swift; sourceTree = "<group>"; };
		D81ED63628EEBF9D00DDDF3A /* ProfileViewController.swift */ = {isa = PBXFileReference; lastKnownFileType = sourcecode.swift; path = ProfileViewController.swift; sourceTree = "<group>"; };
		D81ED63928EEBFBF00DDDF3A /* ProfilePresenter.swift */ = {isa = PBXFileReference; lastKnownFileType = sourcecode.swift; path = ProfilePresenter.swift; sourceTree = "<group>"; };
		D843197828E165A1009629E6 /* Tweet.app */ = {isa = PBXFileReference; explicitFileType = wrapper.application; includeInIndex = 0; path = Tweet.app; sourceTree = BUILT_PRODUCTS_DIR; };
		D843197B28E165A1009629E6 /* AppDelegate.swift */ = {isa = PBXFileReference; lastKnownFileType = sourcecode.swift; path = AppDelegate.swift; sourceTree = "<group>"; };
		D843197D28E165A1009629E6 /* SceneDelegate.swift */ = {isa = PBXFileReference; lastKnownFileType = sourcecode.swift; path = SceneDelegate.swift; sourceTree = "<group>"; };
		D843197F28E165A1009629E6 /* TabBarViewController.swift */ = {isa = PBXFileReference; lastKnownFileType = sourcecode.swift; path = TabBarViewController.swift; sourceTree = "<group>"; };
		D843198428E165A3009629E6 /* Assets.xcassets */ = {isa = PBXFileReference; lastKnownFileType = folder.assetcatalog; path = Assets.xcassets; sourceTree = "<group>"; };
		D843198728E165A3009629E6 /* Base */ = {isa = PBXFileReference; lastKnownFileType = file.storyboard; name = Base; path = Base.lproj/LaunchScreen.storyboard; sourceTree = "<group>"; };
		D843198928E165A3009629E6 /* Info.plist */ = {isa = PBXFileReference; lastKnownFileType = text.plist.xml; path = Info.plist; sourceTree = "<group>"; };
		D843198E28E165A3009629E6 /* TweetTests.xctest */ = {isa = PBXFileReference; explicitFileType = wrapper.cfbundle; includeInIndex = 0; path = TweetTests.xctest; sourceTree = BUILT_PRODUCTS_DIR; };
		D843199228E165A3009629E6 /* TweetTests.swift */ = {isa = PBXFileReference; lastKnownFileType = sourcecode.swift; path = TweetTests.swift; sourceTree = "<group>"; };
		D843199828E165A3009629E6 /* TweetUITests.xctest */ = {isa = PBXFileReference; explicitFileType = wrapper.cfbundle; includeInIndex = 0; path = TweetUITests.xctest; sourceTree = BUILT_PRODUCTS_DIR; };
		D843199C28E165A3009629E6 /* TweetUITests.swift */ = {isa = PBXFileReference; lastKnownFileType = sourcecode.swift; path = TweetUITests.swift; sourceTree = "<group>"; };
		D843199E28E165A3009629E6 /* TweetUITestsLaunchTests.swift */ = {isa = PBXFileReference; lastKnownFileType = sourcecode.swift; path = TweetUITestsLaunchTests.swift; sourceTree = "<group>"; };
		D84319AE28E169F0009629E6 /* Tweet.swift */ = {isa = PBXFileReference; lastKnownFileType = sourcecode.swift; path = Tweet.swift; sourceTree = "<group>"; };
		D84319B228E16A91009629E6 /* User.swift */ = {isa = PBXFileReference; lastKnownFileType = sourcecode.swift; path = User.swift; sourceTree = "<group>"; };
		D84319B428E16AC8009629E6 /* UserDefaultsManager.swift */ = {isa = PBXFileReference; lastKnownFileType = sourcecode.swift; path = UserDefaultsManager.swift; sourceTree = "<group>"; };
		D84319B728E16F94009629E6 /* FeedViewController.swift */ = {isa = PBXFileReference; lastKnownFileType = sourcecode.swift; path = FeedViewController.swift; sourceTree = "<group>"; };
		D84319B928E16FA2009629E6 /* FeedPresenter.swift */ = {isa = PBXFileReference; lastKnownFileType = sourcecode.swift; path = FeedPresenter.swift; sourceTree = "<group>"; };
		D84319BC28E188A9009629E6 /* TabBarItem.swift */ = {isa = PBXFileReference; lastKnownFileType = sourcecode.swift; path = TabBarItem.swift; sourceTree = "<group>"; };
		D84319BE28E18AF8009629E6 /* FeedTableViewCell.swift */ = {isa = PBXFileReference; lastKnownFileType = sourcecode.swift; path = FeedTableViewCell.swift; sourceTree = "<group>"; };
		D84319C028E18F14009629E6 /* Icon.swift */ = {isa = PBXFileReference; lastKnownFileType = sourcecode.swift; path = Icon.swift; sourceTree = "<group>"; };
/* End PBXFileReference section */

/* Begin PBXFrameworksBuildPhase section */
		D843197528E165A1009629E6 /* Frameworks */ = {
			isa = PBXFrameworksBuildPhase;
			buildActionMask = 2147483647;
			files = (
				D80E10B528FD2EEF002953CD /* Toast in Frameworks */,
				D84319AD28E1668F009629E6 /* SnapKit in Frameworks */,
				D84319C428E1AD61009629E6 /* Floaty in Frameworks */,
			);
			runOnlyForDeploymentPostprocessing = 0;
		};
		D843198B28E165A3009629E6 /* Frameworks */ = {
			isa = PBXFrameworksBuildPhase;
			buildActionMask = 2147483647;
			files = (
			);
			runOnlyForDeploymentPostprocessing = 0;
		};
		D843199528E165A3009629E6 /* Frameworks */ = {
			isa = PBXFrameworksBuildPhase;
			buildActionMask = 2147483647;
			files = (
			);
			runOnlyForDeploymentPostprocessing = 0;
		};
/* End PBXFrameworksBuildPhase section */

/* Begin PBXGroup section */
		D80A522828E6F911001972A2 /* Tweet */ = {
			isa = PBXGroup;
			children = (
				D80A522428E6F837001972A2 /* TweetViewController.swift */,
				D80A522628E6F840001972A2 /* TweetPresenter.swift */,
			);
			path = Tweet;
			sourceTree = "<group>";
		};
		D80A522B28EDBF03001972A2 /* Write */ = {
			isa = PBXGroup;
			children = (
				D80A522928EDBEFF001972A2 /* WriteViewController.swift */,
				D80A522C28EDBF14001972A2 /* WritePresenter.swift */,
			);
			path = Write;
			sourceTree = "<group>";
		};
		D81ED63528EEBF8500DDDF3A /* TabBar */ = {
			isa = PBXGroup;
			children = (
				D843197F28E165A1009629E6 /* TabBarViewController.swift */,
				D84319BC28E188A9009629E6 /* TabBarItem.swift */,
			);
			path = TabBar;
			sourceTree = "<group>";
		};
		D81ED63828EEBFA200DDDF3A /* Profile */ = {
			isa = PBXGroup;
			children = (
				D81ED63628EEBF9D00DDDF3A /* ProfileViewController.swift */,
				D81ED63928EEBFBF00DDDF3A /* ProfilePresenter.swift */,
			);
			path = Profile;
			sourceTree = "<group>";
		};
		D843196F28E165A1009629E6 = {
			isa = PBXGroup;
			children = (
				D843197A28E165A1009629E6 /* Tweet */,
				D843199128E165A3009629E6 /* TweetTests */,
				D843199B28E165A3009629E6 /* TweetUITests */,
				D843197928E165A1009629E6 /* Products */,
			);
			sourceTree = "<group>";
		};
		D843197928E165A1009629E6 /* Products */ = {
			isa = PBXGroup;
			children = (
				D843197828E165A1009629E6 /* Tweet.app */,
				D843198E28E165A3009629E6 /* TweetTests.xctest */,
				D843199828E165A3009629E6 /* TweetUITests.xctest */,
			);
			name = Products;
			sourceTree = "<group>";
		};
		D843197A28E165A1009629E6 /* Tweet */ = {
			isa = PBXGroup;
			children = (
				D843197B28E165A1009629E6 /* AppDelegate.swift */,
				D843197D28E165A1009629E6 /* SceneDelegate.swift */,
				D84319C028E18F14009629E6 /* Icon.swift */,
				D84319B628E16ACE009629E6 /* Managers */,
				D84319B028E16A2E009629E6 /* Models */,
				D84319B128E16A37009629E6 /* Scenes */,
				D843198428E165A3009629E6 /* Assets.xcassets */,
				D843198628E165A3009629E6 /* LaunchScreen.storyboard */,
				D843198928E165A3009629E6 /* Info.plist */,
			);
			path = Tweet;
			sourceTree = "<group>";
		};
		D843199128E165A3009629E6 /* TweetTests */ = {
			isa = PBXGroup;
			children = (
				D843199228E165A3009629E6 /* TweetTests.swift */,
			);
			path = TweetTests;
			sourceTree = "<group>";
		};
		D843199B28E165A3009629E6 /* TweetUITests */ = {
			isa = PBXGroup;
			children = (
				D843199C28E165A3009629E6 /* TweetUITests.swift */,
				D843199E28E165A3009629E6 /* TweetUITestsLaunchTests.swift */,
			);
			path = TweetUITests;
			sourceTree = "<group>";
		};
		D84319B028E16A2E009629E6 /* Models */ = {
			isa = PBXGroup;
			children = (
				D84319AE28E169F0009629E6 /* Tweet.swift */,
				D84319B228E16A91009629E6 /* User.swift */,
			);
			path = Models;
			sourceTree = "<group>";
		};
		D84319B128E16A37009629E6 /* Scenes */ = {
			isa = PBXGroup;
			children = (
				D81ED63528EEBF8500DDDF3A /* TabBar */,
				D84319BB28E16FAC009629E6 /* Feed */,
				D80A522828E6F911001972A2 /* Tweet */,
				D80A522B28EDBF03001972A2 /* Write */,
				D81ED63828EEBFA200DDDF3A /* Profile */,
			);
			path = Scenes;
			sourceTree = "<group>";
		};
		D84319B628E16ACE009629E6 /* Managers */ = {
			isa = PBXGroup;
			children = (
				D84319B428E16AC8009629E6 /* UserDefaultsManager.swift */,
			);
			path = Managers;
			sourceTree = "<group>";
		};
		D84319BB28E16FAC009629E6 /* Feed */ = {
			isa = PBXGroup;
			children = (
				D84319B728E16F94009629E6 /* FeedViewController.swift */,
				D84319B928E16FA2009629E6 /* FeedPresenter.swift */,
				D84319BE28E18AF8009629E6 /* FeedTableViewCell.swift */,
			);
			path = Feed;
			sourceTree = "<group>";
		};
/* End PBXGroup section */

/* Begin PBXNativeTarget section */
		D843197728E165A1009629E6 /* Tweet */ = {
			isa = PBXNativeTarget;
			buildConfigurationList = D84319A228E165A3009629E6 /* Build configuration list for PBXNativeTarget "Tweet" */;
			buildPhases = (
				D843197428E165A1009629E6 /* Sources */,
				D843197528E165A1009629E6 /* Frameworks */,
				D843197628E165A1009629E6 /* Resources */,
			);
			buildRules = (
			);
			dependencies = (
			);
			name = Tweet;
			packageProductDependencies = (
				D84319AC28E1668F009629E6 /* SnapKit */,
				D84319C328E1AD61009629E6 /* Floaty */,
				D80E10B428FD2EEF002953CD /* Toast */,
			);
			productName = Tweet;
			productReference = D843197828E165A1009629E6 /* Tweet.app */;
			productType = "com.apple.product-type.application";
		};
		D843198D28E165A3009629E6 /* TweetTests */ = {
			isa = PBXNativeTarget;
			buildConfigurationList = D84319A528E165A3009629E6 /* Build configuration list for PBXNativeTarget "TweetTests" */;
			buildPhases = (
				D843198A28E165A3009629E6 /* Sources */,
				D843198B28E165A3009629E6 /* Frameworks */,
				D843198C28E165A3009629E6 /* Resources */,
			);
			buildRules = (
			);
			dependencies = (
				D843199028E165A3009629E6 /* PBXTargetDependency */,
			);
			name = TweetTests;
			productName = TweetTests;
			productReference = D843198E28E165A3009629E6 /* TweetTests.xctest */;
			productType = "com.apple.product-type.bundle.unit-test";
		};
		D843199728E165A3009629E6 /* TweetUITests */ = {
			isa = PBXNativeTarget;
			buildConfigurationList = D84319A828E165A3009629E6 /* Build configuration list for PBXNativeTarget "TweetUITests" */;
			buildPhases = (
				D843199428E165A3009629E6 /* Sources */,
				D843199528E165A3009629E6 /* Frameworks */,
				D843199628E165A3009629E6 /* Resources */,
			);
			buildRules = (
			);
			dependencies = (
				D843199A28E165A3009629E6 /* PBXTargetDependency */,
			);
			name = TweetUITests;
			productName = TweetUITests;
			productReference = D843199828E165A3009629E6 /* TweetUITests.xctest */;
			productType = "com.apple.product-type.bundle.ui-testing";
		};
/* End PBXNativeTarget section */

/* Begin PBXProject section */
		D843197028E165A1009629E6 /* Project object */ = {
			isa = PBXProject;
			attributes = {
				BuildIndependentTargetsInParallel = 1;
				LastSwiftUpdateCheck = 1400;
				LastUpgradeCheck = 1400;
				TargetAttributes = {
					D843197728E165A1009629E6 = {
						CreatedOnToolsVersion = 14.0;
					};
					D843198D28E165A3009629E6 = {
						CreatedOnToolsVersion = 14.0;
						TestTargetID = D843197728E165A1009629E6;
					};
					D843199728E165A3009629E6 = {
						CreatedOnToolsVersion = 14.0;
						TestTargetID = D843197728E165A1009629E6;
					};
				};
			};
			buildConfigurationList = D843197328E165A1009629E6 /* Build configuration list for PBXProject "Tweet" */;
			compatibilityVersion = "Xcode 14.0";
			developmentRegion = en;
			hasScannedForEncodings = 0;
			knownRegions = (
				en,
				Base,
			);
			mainGroup = D843196F28E165A1009629E6;
			packageReferences = (
				D84319AB28E1668F009629E6 /* XCRemoteSwiftPackageReference "SnapKit" */,
				D84319C228E1AD61009629E6 /* XCRemoteSwiftPackageReference "Floaty" */,
				D80E10B328FD2EEF002953CD /* XCRemoteSwiftPackageReference "Toast-Swift" */,
			);
			productRefGroup = D843197928E165A1009629E6 /* Products */;
			projectDirPath = "";
			projectRoot = "";
			targets = (
				D843197728E165A1009629E6 /* Tweet */,
				D843198D28E165A3009629E6 /* TweetTests */,
				D843199728E165A3009629E6 /* TweetUITests */,
			);
		};
/* End PBXProject section */

/* Begin PBXResourcesBuildPhase section */
		D843197628E165A1009629E6 /* Resources */ = {
			isa = PBXResourcesBuildPhase;
			buildActionMask = 2147483647;
			files = (
				D843198828E165A3009629E6 /* LaunchScreen.storyboard in Resources */,
				D843198528E165A3009629E6 /* Assets.xcassets in Resources */,
			);
			runOnlyForDeploymentPostprocessing = 0;
		};
		D843198C28E165A3009629E6 /* Resources */ = {
			isa = PBXResourcesBuildPhase;
			buildActionMask = 2147483647;
			files = (
			);
			runOnlyForDeploymentPostprocessing = 0;
		};
		D843199628E165A3009629E6 /* Resources */ = {
			isa = PBXResourcesBuildPhase;
			buildActionMask = 2147483647;
			files = (
			);
			runOnlyForDeploymentPostprocessing = 0;
		};
/* End PBXResourcesBuildPhase section */

/* Begin PBXSourcesBuildPhase section */
		D843197428E165A1009629E6 /* Sources */ = {
			isa = PBXSourcesBuildPhase;
			buildActionMask = 2147483647;
			files = (
				D843198028E165A1009629E6 /* TabBarViewController.swift in Sources */,
				D843197C28E165A1009629E6 /* AppDelegate.swift in Sources */,
				D84319BA28E16FA2009629E6 /* FeedPresenter.swift in Sources */,
				D84319BD28E188A9009629E6 /* TabBarItem.swift in Sources */,
				D80A522728E6F840001972A2 /* TweetPresenter.swift in Sources */,
				D84319B528E16AC8009629E6 /* UserDefaultsManager.swift in Sources */,
				D81ED63728EEBF9D00DDDF3A /* ProfileViewController.swift in Sources */,
				D80A522A28EDBEFF001972A2 /* WriteViewController.swift in Sources */,
				D80A522D28EDBF14001972A2 /* WritePresenter.swift in Sources */,
				D843197E28E165A1009629E6 /* SceneDelegate.swift in Sources */,
				D81ED63A28EEBFBF00DDDF3A /* ProfilePresenter.swift in Sources */,
				D84319B328E16A91009629E6 /* User.swift in Sources */,
				D84319AF28E169F0009629E6 /* Tweet.swift in Sources */,
				D80A522528E6F837001972A2 /* TweetViewController.swift in Sources */,
				D84319B828E16F94009629E6 /* FeedViewController.swift in Sources */,
				D84319BF28E18AF8009629E6 /* FeedTableViewCell.swift in Sources */,
				D84319C128E18F14009629E6 /* Icon.swift in Sources */,
			);
			runOnlyForDeploymentPostprocessing = 0;
		};
		D843198A28E165A3009629E6 /* Sources */ = {
			isa = PBXSourcesBuildPhase;
			buildActionMask = 2147483647;
			files = (
				D843199328E165A3009629E6 /* TweetTests.swift in Sources */,
			);
			runOnlyForDeploymentPostprocessing = 0;
		};
		D843199428E165A3009629E6 /* Sources */ = {
			isa = PBXSourcesBuildPhase;
			buildActionMask = 2147483647;
			files = (
				D843199F28E165A3009629E6 /* TweetUITestsLaunchTests.swift in Sources */,
				D843199D28E165A3009629E6 /* TweetUITests.swift in Sources */,
			);
			runOnlyForDeploymentPostprocessing = 0;
		};
/* End PBXSourcesBuildPhase section */

/* Begin PBXTargetDependency section */
		D843199028E165A3009629E6 /* PBXTargetDependency */ = {
			isa = PBXTargetDependency;
			target = D843197728E165A1009629E6 /* Tweet */;
			targetProxy = D843198F28E165A3009629E6 /* PBXContainerItemProxy */;
		};
		D843199A28E165A3009629E6 /* PBXTargetDependency */ = {
			isa = PBXTargetDependency;
			target = D843197728E165A1009629E6 /* Tweet */;
			targetProxy = D843199928E165A3009629E6 /* PBXContainerItemProxy */;
		};
/* End PBXTargetDependency section */

/* Begin PBXVariantGroup section */
		D843198628E165A3009629E6 /* LaunchScreen.storyboard */ = {
			isa = PBXVariantGroup;
			children = (
				D843198728E165A3009629E6 /* Base */,
			);
			name = LaunchScreen.storyboard;
			sourceTree = "<group>";
		};
/* End PBXVariantGroup section */

/* Begin XCBuildConfiguration section */
		D84319A028E165A3009629E6 /* Debug */ = {
			isa = XCBuildConfiguration;
			buildSettings = {
				ALWAYS_SEARCH_USER_PATHS = NO;
				CLANG_ANALYZER_NONNULL = YES;
				CLANG_ANALYZER_NUMBER_OBJECT_CONVERSION = YES_AGGRESSIVE;
				CLANG_CXX_LANGUAGE_STANDARD = "gnu++20";
				CLANG_ENABLE_MODULES = YES;
				CLANG_ENABLE_OBJC_ARC = YES;
				CLANG_ENABLE_OBJC_WEAK = YES;
				CLANG_WARN_BLOCK_CAPTURE_AUTORELEASING = YES;
				CLANG_WARN_BOOL_CONVERSION = YES;
				CLANG_WARN_COMMA = YES;
				CLANG_WARN_CONSTANT_CONVERSION = YES;
				CLANG_WARN_DEPRECATED_OBJC_IMPLEMENTATIONS = YES;
				CLANG_WARN_DIRECT_OBJC_ISA_USAGE = YES_ERROR;
				CLANG_WARN_DOCUMENTATION_COMMENTS = YES;
				CLANG_WARN_EMPTY_BODY = YES;
				CLANG_WARN_ENUM_CONVERSION = YES;
				CLANG_WARN_INFINITE_RECURSION = YES;
				CLANG_WARN_INT_CONVERSION = YES;
				CLANG_WARN_NON_LITERAL_NULL_CONVERSION = YES;
				CLANG_WARN_OBJC_IMPLICIT_RETAIN_SELF = YES;
				CLANG_WARN_OBJC_LITERAL_CONVERSION = YES;
				CLANG_WARN_OBJC_ROOT_CLASS = YES_ERROR;
				CLANG_WARN_QUOTED_INCLUDE_IN_FRAMEWORK_HEADER = YES;
				CLANG_WARN_RANGE_LOOP_ANALYSIS = YES;
				CLANG_WARN_STRICT_PROTOTYPES = YES;
				CLANG_WARN_SUSPICIOUS_MOVE = YES;
				CLANG_WARN_UNGUARDED_AVAILABILITY = YES_AGGRESSIVE;
				CLANG_WARN_UNREACHABLE_CODE = YES;
				CLANG_WARN__DUPLICATE_METHOD_MATCH = YES;
				COPY_PHASE_STRIP = NO;
				DEBUG_INFORMATION_FORMAT = dwarf;
				ENABLE_STRICT_OBJC_MSGSEND = YES;
				ENABLE_TESTABILITY = YES;
				GCC_C_LANGUAGE_STANDARD = gnu11;
				GCC_DYNAMIC_NO_PIC = NO;
				GCC_NO_COMMON_BLOCKS = YES;
				GCC_OPTIMIZATION_LEVEL = 0;
				GCC_PREPROCESSOR_DEFINITIONS = (
					"DEBUG=1",
					"$(inherited)",
				);
				GCC_WARN_64_TO_32_BIT_CONVERSION = YES;
				GCC_WARN_ABOUT_RETURN_TYPE = YES_ERROR;
				GCC_WARN_UNDECLARED_SELECTOR = YES;
				GCC_WARN_UNINITIALIZED_AUTOS = YES_AGGRESSIVE;
				GCC_WARN_UNUSED_FUNCTION = YES;
				GCC_WARN_UNUSED_VARIABLE = YES;
				IPHONEOS_DEPLOYMENT_TARGET = 16.0;
				MTL_ENABLE_DEBUG_INFO = INCLUDE_SOURCE;
				MTL_FAST_MATH = YES;
				ONLY_ACTIVE_ARCH = YES;
				SDKROOT = iphoneos;
				SWIFT_ACTIVE_COMPILATION_CONDITIONS = DEBUG;
				SWIFT_OPTIMIZATION_LEVEL = "-Onone";
			};
			name = Debug;
		};
		D84319A128E165A3009629E6 /* Release */ = {
			isa = XCBuildConfiguration;
			buildSettings = {
				ALWAYS_SEARCH_USER_PATHS = NO;
				CLANG_ANALYZER_NONNULL = YES;
				CLANG_ANALYZER_NUMBER_OBJECT_CONVERSION = YES_AGGRESSIVE;
				CLANG_CXX_LANGUAGE_STANDARD = "gnu++20";
				CLANG_ENABLE_MODULES = YES;
				CLANG_ENABLE_OBJC_ARC = YES;
				CLANG_ENABLE_OBJC_WEAK = YES;
				CLANG_WARN_BLOCK_CAPTURE_AUTORELEASING = YES;
				CLANG_WARN_BOOL_CONVERSION = YES;
				CLANG_WARN_COMMA = YES;
				CLANG_WARN_CONSTANT_CONVERSION = YES;
				CLANG_WARN_DEPRECATED_OBJC_IMPLEMENTATIONS = YES;
				CLANG_WARN_DIRECT_OBJC_ISA_USAGE = YES_ERROR;
				CLANG_WARN_DOCUMENTATION_COMMENTS = YES;
				CLANG_WARN_EMPTY_BODY = YES;
				CLANG_WARN_ENUM_CONVERSION = YES;
				CLANG_WARN_INFINITE_RECURSION = YES;
				CLANG_WARN_INT_CONVERSION = YES;
				CLANG_WARN_NON_LITERAL_NULL_CONVERSION = YES;
				CLANG_WARN_OBJC_IMPLICIT_RETAIN_SELF = YES;
				CLANG_WARN_OBJC_LITERAL_CONVERSION = YES;
				CLANG_WARN_OBJC_ROOT_CLASS = YES_ERROR;
				CLANG_WARN_QUOTED_INCLUDE_IN_FRAMEWORK_HEADER = YES;
				CLANG_WARN_RANGE_LOOP_ANALYSIS = YES;
				CLANG_WARN_STRICT_PROTOTYPES = YES;
				CLANG_WARN_SUSPICIOUS_MOVE = YES;
				CLANG_WARN_UNGUARDED_AVAILABILITY = YES_AGGRESSIVE;
				CLANG_WARN_UNREACHABLE_CODE = YES;
				CLANG_WARN__DUPLICATE_METHOD_MATCH = YES;
				COPY_PHASE_STRIP = NO;
				DEBUG_INFORMATION_FORMAT = "dwarf-with-dsym";
				ENABLE_NS_ASSERTIONS = NO;
				ENABLE_STRICT_OBJC_MSGSEND = YES;
				GCC_C_LANGUAGE_STANDARD = gnu11;
				GCC_NO_COMMON_BLOCKS = YES;
				GCC_WARN_64_TO_32_BIT_CONVERSION = YES;
				GCC_WARN_ABOUT_RETURN_TYPE = YES_ERROR;
				GCC_WARN_UNDECLARED_SELECTOR = YES;
				GCC_WARN_UNINITIALIZED_AUTOS = YES_AGGRESSIVE;
				GCC_WARN_UNUSED_FUNCTION = YES;
				GCC_WARN_UNUSED_VARIABLE = YES;
				IPHONEOS_DEPLOYMENT_TARGET = 16.0;
				MTL_ENABLE_DEBUG_INFO = NO;
				MTL_FAST_MATH = YES;
				SDKROOT = iphoneos;
				SWIFT_COMPILATION_MODE = wholemodule;
				SWIFT_OPTIMIZATION_LEVEL = "-O";
				VALIDATE_PRODUCT = YES;
			};
			name = Release;
		};
		D84319A328E165A3009629E6 /* Debug */ = {
			isa = XCBuildConfiguration;
			buildSettings = {
				ASSETCATALOG_COMPILER_APPICON_NAME = AppIcon;
				ASSETCATALOG_COMPILER_GLOBAL_ACCENT_COLOR_NAME = AccentColor;
				CODE_SIGN_STYLE = Automatic;
				CURRENT_PROJECT_VERSION = 1;
				DEVELOPMENT_TEAM = UBA9LZ8GVL;
				GENERATE_INFOPLIST_FILE = YES;
				INFOPLIST_FILE = Tweet/Info.plist;
				INFOPLIST_KEY_UIApplicationSupportsIndirectInputEvents = YES;
				INFOPLIST_KEY_UILaunchStoryboardName = LaunchScreen;
				INFOPLIST_KEY_UISupportedInterfaceOrientations_iPad = "UIInterfaceOrientationPortrait UIInterfaceOrientationPortraitUpsideDown UIInterfaceOrientationLandscapeLeft UIInterfaceOrientationLandscapeRight";
				INFOPLIST_KEY_UISupportedInterfaceOrientations_iPhone = "UIInterfaceOrientationPortrait UIInterfaceOrientationLandscapeLeft UIInterfaceOrientationLandscapeRight";
				LD_RUNPATH_SEARCH_PATHS = (
					"$(inherited)",
					"@executable_path/Frameworks",
				);
				MARKETING_VERSION = 1.0;
				PRODUCT_BUNDLE_IDENTIFIER = com.medium.raralabs.Tweet;
				PRODUCT_NAME = "$(TARGET_NAME)";
				SWIFT_EMIT_LOC_STRINGS = YES;
				SWIFT_VERSION = 5.0;
				TARGETED_DEVICE_FAMILY = "1,2";
			};
			name = Debug;
		};
		D84319A428E165A3009629E6 /* Release */ = {
			isa = XCBuildConfiguration;
			buildSettings = {
				ASSETCATALOG_COMPILER_APPICON_NAME = AppIcon;
				ASSETCATALOG_COMPILER_GLOBAL_ACCENT_COLOR_NAME = AccentColor;
				CODE_SIGN_STYLE = Automatic;
				CURRENT_PROJECT_VERSION = 1;
				DEVELOPMENT_TEAM = UBA9LZ8GVL;
				GENERATE_INFOPLIST_FILE = YES;
				INFOPLIST_FILE = Tweet/Info.plist;
				INFOPLIST_KEY_UIApplicationSupportsIndirectInputEvents = YES;
				INFOPLIST_KEY_UILaunchStoryboardName = LaunchScreen;
				INFOPLIST_KEY_UISupportedInterfaceOrientations_iPad = "UIInterfaceOrientationPortrait UIInterfaceOrientationPortraitUpsideDown UIInterfaceOrientationLandscapeLeft UIInterfaceOrientationLandscapeRight";
				INFOPLIST_KEY_UISupportedInterfaceOrientations_iPhone = "UIInterfaceOrientationPortrait UIInterfaceOrientationLandscapeLeft UIInterfaceOrientationLandscapeRight";
				LD_RUNPATH_SEARCH_PATHS = (
					"$(inherited)",
					"@executable_path/Frameworks",
				);
				MARKETING_VERSION = 1.0;
				PRODUCT_BUNDLE_IDENTIFIER = com.medium.raralabs.Tweet;
				PRODUCT_NAME = "$(TARGET_NAME)";
				SWIFT_EMIT_LOC_STRINGS = YES;
				SWIFT_VERSION = 5.0;
				TARGETED_DEVICE_FAMILY = "1,2";
			};
			name = Release;
		};
		D84319A628E165A3009629E6 /* Debug */ = {
			isa = XCBuildConfiguration;
			buildSettings = {
				ALWAYS_EMBED_SWIFT_STANDARD_LIBRARIES = YES;
				BUNDLE_LOADER = "$(TEST_HOST)";
				CODE_SIGN_STYLE = Automatic;
				CURRENT_PROJECT_VERSION = 1;
				DEVELOPMENT_TEAM = UBA9LZ8GVL;
				GENERATE_INFOPLIST_FILE = YES;
				IPHONEOS_DEPLOYMENT_TARGET = 16.0;
				MARKETING_VERSION = 1.0;
				PRODUCT_BUNDLE_IDENTIFIER = com.medium.raralabs.TweetTests;
				PRODUCT_NAME = "$(TARGET_NAME)";
				SWIFT_EMIT_LOC_STRINGS = NO;
				SWIFT_VERSION = 5.0;
				TARGETED_DEVICE_FAMILY = "1,2";
				TEST_HOST = "$(BUILT_PRODUCTS_DIR)/Tweet.app/$(BUNDLE_EXECUTABLE_FOLDER_PATH)/Tweet";
			};
			name = Debug;
		};
		D84319A728E165A3009629E6 /* Release */ = {
			isa = XCBuildConfiguration;
			buildSettings = {
				ALWAYS_EMBED_SWIFT_STANDARD_LIBRARIES = YES;
				BUNDLE_LOADER = "$(TEST_HOST)";
				CODE_SIGN_STYLE = Automatic;
				CURRENT_PROJECT_VERSION = 1;
				DEVELOPMENT_TEAM = UBA9LZ8GVL;
				GENERATE_INFOPLIST_FILE = YES;
				IPHONEOS_DEPLOYMENT_TARGET = 16.0;
				MARKETING_VERSION = 1.0;
				PRODUCT_BUNDLE_IDENTIFIER = com.medium.raralabs.TweetTests;
				PRODUCT_NAME = "$(TARGET_NAME)";
				SWIFT_EMIT_LOC_STRINGS = NO;
				SWIFT_VERSION = 5.0;
				TARGETED_DEVICE_FAMILY = "1,2";
				TEST_HOST = "$(BUILT_PRODUCTS_DIR)/Tweet.app/$(BUNDLE_EXECUTABLE_FOLDER_PATH)/Tweet";
			};
			name = Release;
		};
		D84319A928E165A3009629E6 /* Debug */ = {
			isa = XCBuildConfiguration;
			buildSettings = {
				ALWAYS_EMBED_SWIFT_STANDARD_LIBRARIES = YES;
				CODE_SIGN_STYLE = Automatic;
				CURRENT_PROJECT_VERSION = 1;
				DEVELOPMENT_TEAM = UBA9LZ8GVL;
				GENERATE_INFOPLIST_FILE = YES;
				MARKETING_VERSION = 1.0;
				PRODUCT_BUNDLE_IDENTIFIER = com.medium.raralabs.TweetUITests;
				PRODUCT_NAME = "$(TARGET_NAME)";
				SWIFT_EMIT_LOC_STRINGS = NO;
				SWIFT_VERSION = 5.0;
				TARGETED_DEVICE_FAMILY = "1,2";
				TEST_TARGET_NAME = Tweet;
			};
			name = Debug;
		};
		D84319AA28E165A3009629E6 /* Release */ = {
			isa = XCBuildConfiguration;
			buildSettings = {
				ALWAYS_EMBED_SWIFT_STANDARD_LIBRARIES = YES;
				CODE_SIGN_STYLE = Automatic;
				CURRENT_PROJECT_VERSION = 1;
				DEVELOPMENT_TEAM = UBA9LZ8GVL;
				GENERATE_INFOPLIST_FILE = YES;
				MARKETING_VERSION = 1.0;
				PRODUCT_BUNDLE_IDENTIFIER = com.medium.raralabs.TweetUITests;
				PRODUCT_NAME = "$(TARGET_NAME)";
				SWIFT_EMIT_LOC_STRINGS = NO;
				SWIFT_VERSION = 5.0;
				TARGETED_DEVICE_FAMILY = "1,2";
				TEST_TARGET_NAME = Tweet;
			};
			name = Release;
		};
/* End XCBuildConfiguration section */

/* Begin XCConfigurationList section */
		D843197328E165A1009629E6 /* Build configuration list for PBXProject "Tweet" */ = {
			isa = XCConfigurationList;
			buildConfigurations = (
				D84319A028E165A3009629E6 /* Debug */,
				D84319A128E165A3009629E6 /* Release */,
			);
			defaultConfigurationIsVisible = 0;
			defaultConfigurationName = Release;
		};
		D84319A228E165A3009629E6 /* Build configuration list for PBXNativeTarget "Tweet" */ = {
			isa = XCConfigurationList;
			buildConfigurations = (
				D84319A328E165A3009629E6 /* Debug */,
				D84319A428E165A3009629E6 /* Release */,
			);
			defaultConfigurationIsVisible = 0;
			defaultConfigurationName = Release;
		};
		D84319A528E165A3009629E6 /* Build configuration list for PBXNativeTarget "TweetTests" */ = {
			isa = XCConfigurationList;
			buildConfigurations = (
				D84319A628E165A3009629E6 /* Debug */,
				D84319A728E165A3009629E6 /* Release */,
			);
			defaultConfigurationIsVisible = 0;
			defaultConfigurationName = Release;
		};
		D84319A828E165A3009629E6 /* Build configuration list for PBXNativeTarget "TweetUITests" */ = {
			isa = XCConfigurationList;
			buildConfigurations = (
				D84319A928E165A3009629E6 /* Debug */,
				D84319AA28E165A3009629E6 /* Release */,
			);
			defaultConfigurationIsVisible = 0;
			defaultConfigurationName = Release;
		};
/* End XCConfigurationList section */

/* Begin XCRemoteSwiftPackageReference section */
		D80E10B328FD2EEF002953CD /* XCRemoteSwiftPackageReference "Toast-Swift" */ = {
			isa = XCRemoteSwiftPackageReference;
			repositoryURL = "https://github.com/scalessec/Toast-Swift";
			requirement = {
				kind = upToNextMajorVersion;
				minimumVersion = 5.0.0;
			};
		};
		D84319AB28E1668F009629E6 /* XCRemoteSwiftPackageReference "SnapKit" */ = {
			isa = XCRemoteSwiftPackageReference;
			repositoryURL = "https://github.com/SnapKit/SnapKit.git";
			requirement = {
				branch = develop;
				kind = branch;
			};
		};
		D84319C228E1AD61009629E6 /* XCRemoteSwiftPackageReference "Floaty" */ = {
			isa = XCRemoteSwiftPackageReference;
			repositoryURL = "https://github.com/kciter/Floaty.git";
			requirement = {
				branch = master;
				kind = branch;
			};
		};
/* End XCRemoteSwiftPackageReference section */

/* Begin XCSwiftPackageProductDependency section */
		D80E10B428FD2EEF002953CD /* Toast */ = {
			isa = XCSwiftPackageProductDependency;
			package = D80E10B328FD2EEF002953CD /* XCRemoteSwiftPackageReference "Toast-Swift" */;
			productName = Toast;
		};
		D84319AC28E1668F009629E6 /* SnapKit */ = {
			isa = XCSwiftPackageProductDependency;
			package = D84319AB28E1668F009629E6 /* XCRemoteSwiftPackageReference "SnapKit" */;
			productName = SnapKit;
		};
		D84319C328E1AD61009629E6 /* Floaty */ = {
			isa = XCSwiftPackageProductDependency;
			package = D84319C228E1AD61009629E6 /* XCRemoteSwiftPackageReference "Floaty" */;
			productName = Floaty;
		};
/* End XCSwiftPackageProductDependency section */
	};
	rootObject = D843197028E165A1009629E6 /* Project object */;
}
